
Microsoft Visual Studio Solution File, Format Version 12.00
# Visual Studio Version 17
VisualStudioVersion = 17.4.33205.214
MinimumVisualStudioVersion = 10.0.40219.1
Project("{6EC3EE1D-3C4E-46DD-8F32-0CC8E7565705}") = "UBViews.LexParser", "UBViews.QueryEngine\UBViews.LexParser.fsproj", "{7DFA8D07-3D2A-429E-995E-4553C2E4597A}"
EndProject
Project("{9A19103F-16F7-4668-BE54-9A1E7A4F7556}") = "UBViews.Maui", "UBViews.Maui\UBViews.Maui.csproj", "{FA42A6F2-6E14-43A7-9872-59F40A6F7272}"
EndProject
Project("{2150E333-8FDC-42A3-9474-1A3956D46DE8}") = "Solution Items", "Solution Items", "{7A58A835-34C0-465B-B343-4C9A50008924}"
	ProjectSection(SolutionItems) = preProject
		BuildOutput.txt = BuildOutput.txt
		Development_Guide.txt = Development_Guide.txt
		Gerald_SideLoading.md = Gerald_SideLoading.md
		TextFile1.txt = TextFile1.txt
	EndProjectSection
EndProject
Project("{9A19103F-16F7-4668-BE54-9A1E7A4F7556}") = "UBViews.SQLiteRepository", "UBViews.SQLiteRepository\UBViews.SQLiteRepository.csproj", "{ADA243B4-A04A-456A-BA66-AC8A3DA58615}"
EndProject
Project("{2150E333-8FDC-42A3-9474-1A3956D46DE8}") = "src", "src", "{A1BA98C4-B395-468D-B587-58E07B9AAD34}"
EndProject
Global
	GlobalSection(SolutionConfigurationPlatforms) = preSolution
		Debug|Any CPU = Debug|Any CPU
		Debug|x86 = Debug|x86
		Release|Any CPU = Release|Any CPU
		Release|x86 = Release|x86
	EndGlobalSection
	GlobalSection(ProjectConfigurationPlatforms) = postSolution
		{7DFA8D07-3D2A-429E-995E-4553C2E4597A}.Debug|Any CPU.ActiveCfg = Debug|Any CPU
		{7DFA8D07-3D2A-429E-995E-4553C2E4597A}.Debug|Any CPU.Build.0 = Debug|Any CPU
		{7DFA8D07-3D2A-429E-995E-4553C2E4597A}.Debug|x86.ActiveCfg = Debug|Any CPU
		{7DFA8D07-3D2A-429E-995E-4553C2E4597A}.Debug|x86.Build.0 = Debug|Any CPU
		{7DFA8D07-3D2A-429E-995E-4553C2E4597A}.Release|Any CPU.ActiveCfg = Debug|Any CPU
		{7DFA8D07-3D2A-429E-995E-4553C2E4597A}.Release|Any CPU.Build.0 = Debug|Any CPU
		{7DFA8D07-3D2A-429E-995E-4553C2E4597A}.Release|x86.ActiveCfg = Release|Any CPU
		{7DFA8D07-3D2A-429E-995E-4553C2E4597A}.Release|x86.Build.0 = Release|Any CPU
		{FA42A6F2-6E14-43A7-9872-59F40A6F7272}.Debug|Any CPU.ActiveCfg = Debug|Any CPU
		{FA42A6F2-6E14-43A7-9872-59F40A6F7272}.Debug|Any CPU.Build.0 = Debug|Any CPU
		{FA42A6F2-6E14-43A7-9872-59F40A6F7272}.Debug|Any CPU.Deploy.0 = Debug|Any CPU
		{FA42A6F2-6E14-43A7-9872-59F40A6F7272}.Debug|x86.ActiveCfg = Debug|x86
		{FA42A6F2-6E14-43A7-9872-59F40A6F7272}.Debug|x86.Build.0 = Debug|x86
		{FA42A6F2-6E14-43A7-9872-59F40A6F7272}.Debug|x86.Deploy.0 = Debug|x86
		{FA42A6F2-6E14-43A7-9872-59F40A6F7272}.Release|Any CPU.ActiveCfg = Debug|Any CPU
		{FA42A6F2-6E14-43A7-9872-59F40A6F7272}.Release|Any CPU.Build.0 = Debug|Any CPU
		{FA42A6F2-6E14-43A7-9872-59F40A6F7272}.Release|Any CPU.Deploy.0 = Debug|Any CPU
		{FA42A6F2-6E14-43A7-9872-59F40A6F7272}.Release|x86.ActiveCfg = Release|x86
		{FA42A6F2-6E14-43A7-9872-59F40A6F7272}.Release|x86.Build.0 = Release|x86
		{FA42A6F2-6E14-43A7-9872-59F40A6F7272}.Release|x86.Deploy.0 = Release|x86
		{ADA243B4-A04A-456A-BA66-AC8A3DA58615}.Debug|Any CPU.ActiveCfg = Debug|Any CPU
		{ADA243B4-A04A-456A-BA66-AC8A3DA58615}.Debug|Any CPU.Build.0 = Debug|Any CPU
		{ADA243B4-A04A-456A-BA66-AC8A3DA58615}.Debug|x86.ActiveCfg = Debug|Any CPU
		{ADA243B4-A04A-456A-BA66-AC8A3DA58615}.Debug|x86.Build.0 = Debug|Any CPU
		{ADA243B4-A04A-456A-BA66-AC8A3DA58615}.Release|Any CPU.ActiveCfg = Release|Any CPU
		{ADA243B4-A04A-456A-BA66-AC8A3DA58615}.Release|Any CPU.Build.0 = Release|Any CPU
		{ADA243B4-A04A-456A-BA66-AC8A3DA58615}.Release|x86.ActiveCfg = Release|Any CPU
		{ADA243B4-A04A-456A-BA66-AC8A3DA58615}.Release|x86.Build.0 = Release|Any CPU
	EndGlobalSection
	GlobalSection(SolutionProperties) = preSolution
		HideSolutionNode = FALSE
	EndGlobalSection
	GlobalSection(ExtensibilityGlobals) = postSolution
		SolutionGuid = {AEA775A1-3DC4-4953-854A-12AB1FD545D0}
	EndGlobalSection
EndGlobal
